
Microsoft Visual Studio Solution File, Format Version 12.00
# Visual Studio Version 16
VisualStudioVersion = 16.0.31205.134
MinimumVisualStudioVersion = 10.0.40219.1
Project("{FAE04EC0-301F-11D3-BF4B-00C04F79EFBC}") = "Aufgabe_26_form", "Aufgabe_26\Aufgabe_26_form.csproj", "{27D35196-4882-47EE-8019-EF5475712594}"
EndProject
Project("{FAE04EC0-301F-11D3-BF4B-00C04F79EFBC}") = "Aufgabe_27_aktueller_Monat", "Aufgabe_27\Aufgabe_27_aktueller_Monat.csproj", "{867A3721-EB0D-457D-B5AE-01337EB4F187}"
EndProject
Project("{FAE04EC0-301F-11D3-BF4B-00C04F79EFBC}") = "Aufgabe_28_Word", "Aufgabe_28\Aufgabe_28_Word.csproj", "{CF2931B8-141B-4140-ADE3-533B44463B1D}"
EndProject
Project("{FAE04EC0-301F-11D3-BF4B-00C04F79EFBC}") = "Aufgabe_29_Datenbank", "Aufgabe_29_Datenbank\Aufgabe_29_Datenbank.csproj", "{AD34BF03-74A3-458D-9D99-FBD23EAAAC0E}"
EndProject
Project("{FAE04EC0-301F-11D3-BF4B-00C04F79EFBC}") = "Aufgabe_30_LinqToObjects", "Aufgabe_30_LinqToObjects\Aufgabe_30_LinqToObjects.csproj", "{44EE4255-9CC6-4E3A-9FFF-60168A8CF8B8}"
EndProject
Global
	GlobalSection(SolutionConfigurationPlatforms) = preSolution
		Debug|Any CPU = Debug|Any CPU
		Release|Any CPU = Release|Any CPU
	EndGlobalSection
	GlobalSection(ProjectConfigurationPlatforms) = postSolution
		{27D35196-4882-47EE-8019-EF5475712594}.Debug|Any CPU.ActiveCfg = Debug|Any CPU
		{27D35196-4882-47EE-8019-EF5475712594}.Debug|Any CPU.Build.0 = Debug|Any CPU
		{27D35196-4882-47EE-8019-EF5475712594}.Release|Any CPU.ActiveCfg = Release|Any CPU
		{27D35196-4882-47EE-8019-EF5475712594}.Release|Any CPU.Build.0 = Release|Any CPU
		{867A3721-EB0D-457D-B5AE-01337EB4F187}.Debug|Any CPU.ActiveCfg = Debug|Any CPU
		{867A3721-EB0D-457D-B5AE-01337EB4F187}.Debug|Any CPU.Build.0 = Debug|Any CPU
		{867A3721-EB0D-457D-B5AE-01337EB4F187}.Release|Any CPU.ActiveCfg = Release|Any CPU
		{867A3721-EB0D-457D-B5AE-01337EB4F187}.Release|Any CPU.Build.0 = Release|Any CPU
		{CF2931B8-141B-4140-ADE3-533B44463B1D}.Debug|Any CPU.ActiveCfg = Debug|Any CPU
		{CF2931B8-141B-4140-ADE3-533B44463B1D}.Debug|Any CPU.Build.0 = Debug|Any CPU
		{CF2931B8-141B-4140-ADE3-533B44463B1D}.Release|Any CPU.ActiveCfg = Release|Any CPU
		{CF2931B8-141B-4140-ADE3-533B44463B1D}.Release|Any CPU.Build.0 = Release|Any CPU
		{AD34BF03-74A3-458D-9D99-FBD23EAAAC0E}.Debug|Any CPU.ActiveCfg = Debug|Any CPU
		{AD34BF03-74A3-458D-9D99-FBD23EAAAC0E}.Debug|Any CPU.Build.0 = Debug|Any CPU
		{AD34BF03-74A3-458D-9D99-FBD23EAAAC0E}.Release|Any CPU.ActiveCfg = Release|Any CPU
		{AD34BF03-74A3-458D-9D99-FBD23EAAAC0E}.Release|Any CPU.Build.0 = Release|Any CPU
		{44EE4255-9CC6-4E3A-9FFF-60168A8CF8B8}.Debug|Any CPU.ActiveCfg = Debug|Any CPU
		{44EE4255-9CC6-4E3A-9FFF-60168A8CF8B8}.Debug|Any CPU.Build.0 = Debug|Any CPU
		{44EE4255-9CC6-4E3A-9FFF-60168A8CF8B8}.Release|Any CPU.ActiveCfg = Release|Any CPU
		{44EE4255-9CC6-4E3A-9FFF-60168A8CF8B8}.Release|Any CPU.Build.0 = Release|Any CPU
	EndGlobalSection
	GlobalSection(SolutionProperties) = preSolution
		HideSolutionNode = FALSE
	EndGlobalSection
	GlobalSection(ExtensibilityGlobals) = postSolution
		SolutionGuid = {FD0E2C92-8A31-4418-8B86-9CF64B7987C5}
	EndGlobalSection
EndGlobal
